
Microsoft Visual Studio Solution File, Format Version 12.00
# Visual Studio Version 17
VisualStudioVersion = 17.0.31903.59
MinimumVisualStudioVersion = 10.0.40219.1
Project("{FAE04EC0-301F-11D3-BF4B-00C04F79EFBC}") = "TaskManager.Domain", "TaskManager.Domain\TaskManager.Domain.csproj", "{BDF14A08-0BBB-4CEC-BF11-EFE82422DED0}"
EndProject
Project("{FAE04EC0-301F-11D3-BF4B-00C04F79EFBC}") = "TaskManager.Application", "TaskManager.Application\TaskManager.Application.csproj", "{2223FAE2-F109-4A7A-ACCD-B38C81BACD18}"
EndProject
Project("{FAE04EC0-301F-11D3-BF4B-00C04F79EFBC}") = "TaskManager.Infrastructure", "TaskManager.Infrastructure\TaskManager.Infrastructure.csproj", "{3E7329A4-D8AE-4802-BD30-6DDE38CEBBC7}"
EndProject
Project("{FAE04EC0-301F-11D3-BF4B-00C04F79EFBC}") = "TaskManager.Presentation", "TaskManager.Presentation\TaskManager.Presentation.csproj", "{08256B0F-0582-41DA-B586-6540F6DDA893}"
EndProject
Global
	GlobalSection(SolutionConfigurationPlatforms) = preSolution
		Debug|Any CPU = Debug|Any CPU
		Release|Any CPU = Release|Any CPU
	EndGlobalSection
	GlobalSection(SolutionProperties) = preSolution
		HideSolutionNode = FALSE
	EndGlobalSection
	GlobalSection(ProjectConfigurationPlatforms) = postSolution
		{BDF14A08-0BBB-4CEC-BF11-EFE82422DED0}.Debug|Any CPU.ActiveCfg = Debug|Any CPU
		{BDF14A08-0BBB-4CEC-BF11-EFE82422DED0}.Debug|Any CPU.Build.0 = Debug|Any CPU
		{BDF14A08-0BBB-4CEC-BF11-EFE82422DED0}.Release|Any CPU.ActiveCfg = Release|Any CPU
		{BDF14A08-0BBB-4CEC-BF11-EFE82422DED0}.Release|Any CPU.Build.0 = Release|Any CPU
		{2223FAE2-F109-4A7A-ACCD-B38C81BACD18}.Debug|Any CPU.ActiveCfg = Debug|Any CPU
		{2223FAE2-F109-4A7A-ACCD-B38C81BACD18}.Debug|Any CPU.Build.0 = Debug|Any CPU
		{2223FAE2-F109-4A7A-ACCD-B38C81BACD18}.Release|Any CPU.ActiveCfg = Release|Any CPU
		{2223FAE2-F109-4A7A-ACCD-B38C81BACD18}.Release|Any CPU.Build.0 = Release|Any CPU
		{3E7329A4-D8AE-4802-BD30-6DDE38CEBBC7}.Debug|Any CPU.ActiveCfg = Debug|Any CPU
		{3E7329A4-D8AE-4802-BD30-6DDE38CEBBC7}.Debug|Any CPU.Build.0 = Debug|Any CPU
		{3E7329A4-D8AE-4802-BD30-6DDE38CEBBC7}.Release|Any CPU.ActiveCfg = Release|Any CPU
		{3E7329A4-D8AE-4802-BD30-6DDE38CEBBC7}.Release|Any CPU.Build.0 = Release|Any CPU
		{08256B0F-0582-41DA-B586-6540F6DDA893}.Debug|Any CPU.ActiveCfg = Debug|Any CPU
		{08256B0F-0582-41DA-B586-6540F6DDA893}.Debug|Any CPU.Build.0 = Debug|Any CPU
		{08256B0F-0582-41DA-B586-6540F6DDA893}.Release|Any CPU.ActiveCfg = Release|Any CPU
		{08256B0F-0582-41DA-B586-6540F6DDA893}.Release|Any CPU.Build.0 = Release|Any CPU
	EndGlobalSection
EndGlobal
